{
  "name": "sipjs-webrtc-phone",
  "version": "0.0.1",
  "lockfileVersion": 1,
  "requires": true,
  "dependencies": {
    "bootstrap": {
      "version": "4.3.1",
      "resolved": "https://registry.npmjs.org/bootstrap/-/bootstrap-4.3.1.tgz",
      "integrity": "sha512-rXqOmH1VilAt2DyPzluTi2blhk17bO7ef+zLLPlWvG494pDxcM234pJ8wTc/6R40UWizAIIMgxjvxZg5kmsbag=="
    },
    "crypto-js": {
      "version": "3.1.9-1",
      "resolved": "https://registry.npmjs.org/crypto-js/-/crypto-js-3.1.9-1.tgz",
      "integrity": "sha1-/aGedh/Ad+Af+/3G6f38WeiAbNg="
    },
    "jquery": {
      "version": "3.4.1",
      "resolved": "https://registry.npmjs.org/jquery/-/jquery-3.4.1.tgz",
      "integrity": "sha512-36+AdBzCL+y6qjw5Tx7HgzeGCzC81MDDgaUP8ld2zhx58HdqXGoBd+tHdrBMiyjGQs0Hxs/MLZTu/eHNJJuWPw=="
    },
    "sip.js": {
      "version": "0.14.4",
      "resolved": "https://registry.npmjs.org/sip.js/-/sip.js-0.14.4.tgz",
      "integrity": "sha512-98630KJpNeLz2VvHNBJPmaq9ZPC9b2VeEMdfF9kLJ+mB2J+TjW4Wfz1ArCDrSBkVuIa28lqISDjk8iConUx6UA==",
      "requires": {
        "crypto-js": "^3.1.9-1"
      }
    }
  }
}
